
Microsoft Visual Studio Solution File, Format Version 12.00
# Visual Studio Version 17
VisualStudioVersion = 17.6.35201.154
MinimumVisualStudioVersion = 10.0.40219.1
Project("{FAE04EC0-301F-11D3-BF4B-00C04F79EFBC}") = "WebApiDia2", "WebApiDia2.csproj", "{646B979C-1FAF-49E1-A3A5-B65FF70AA9D0}"
EndProject
Global
	GlobalSection(SolutionConfigurationPlatforms) = preSolution
		Debug|Any CPU = Debug|Any CPU
		Release|Any CPU = Release|Any CPU
	EndGlobalSection
	GlobalSection(ProjectConfigurationPlatforms) = postSolution
		{646B979C-1FAF-49E1-A3A5-B65FF70AA9D0}.Debug|Any CPU.ActiveCfg = Debug|Any CPU
		{646B979C-1FAF-49E1-A3A5-B65FF70AA9D0}.Debug|Any CPU.Build.0 = Debug|Any CPU
		{646B979C-1FAF-49E1-A3A5-B65FF70AA9D0}.Release|Any CPU.ActiveCfg = Release|Any CPU
		{646B979C-1FAF-49E1-A3A5-B65FF70AA9D0}.Release|Any CPU.Build.0 = Release|Any CPU
	EndGlobalSection
	GlobalSection(SolutionProperties) = preSolution
		HideSolutionNode = FALSE
	EndGlobalSection
	GlobalSection(ExtensibilityGlobals) = postSolution
		SolutionGuid = {2516FA49-0293-4300-804B-06F582FB5FBE}
	EndGlobalSection
EndGlobal
